// !$*UTF8*$!
{
	archiveVersion = 1;
	classes = {
	};
	objectVersion = 56;
	objects = {

/* Begin PBXBuildFile section */
		B90939742976E9E600EDD294 /* JapaneseMemoryApp.swift in Sources */ = {isa = PBXBuildFile; fileRef = B90939732976E9E600EDD294 /* JapaneseMemoryApp.swift */; };
		B90939762976E9E600EDD294 /* ContentView.swift in Sources */ = {isa = PBXBuildFile; fileRef = B90939752976E9E600EDD294 /* ContentView.swift */; };
		B90939782976E9E700EDD294 /* Assets.xcassets in Resources */ = {isa = PBXBuildFile; fileRef = B90939772976E9E700EDD294 /* Assets.xcassets */; };
		B909397B2976E9E700EDD294 /* Preview Assets.xcassets in Resources */ = {isa = PBXBuildFile; fileRef = B909397A2976E9E700EDD294 /* Preview Assets.xcassets */; };
		B909399F2976EB1700EDD294 /* Lottie in Frameworks */ = {isa = PBXBuildFile; productRef = B909399E2976EB1700EDD294 /* Lottie */; };
		B90939A72976ED6D00EDD294 /* uchiwa_loader.json in Resources */ = {isa = PBXBuildFile; fileRef = B90939A62976ED6D00EDD294 /* uchiwa_loader.json */; };
		B90939AB29770A6400EDD294 /* Word.xcdatamodeld in Sources */ = {isa = PBXBuildFile; fileRef = B90939A929770A6400EDD294 /* Word.xcdatamodeld */; };
		B90939AD29770DB500EDD294 /* DataController.swift in Sources */ = {isa = PBXBuildFile; fileRef = B90939AC29770DB500EDD294 /* DataController.swift */; };
		B94843AC29784C77001477D4 /* Card.swift in Sources */ = {isa = PBXBuildFile; fileRef = B94843AB29784C77001477D4 /* Card.swift */; };
		B94843AE29784C84001477D4 /* WordPage.swift in Sources */ = {isa = PBXBuildFile; fileRef = B94843AD29784C84001477D4 /* WordPage.swift */; };
		B94843B7297858F5001477D4 /* Hashiba.ttf in Resources */ = {isa = PBXBuildFile; fileRef = B94843B6297858F5001477D4 /* Hashiba.ttf */; };
		B94843BB29786F79001477D4 /* AddNewWordView.swift in Sources */ = {isa = PBXBuildFile; fileRef = B94843BA29786F79001477D4 /* AddNewWordView.swift */; };
		B9955FBA29794DD50034DCC9 /* japan.json in Resources */ = {isa = PBXBuildFile; fileRef = B9955FB929794DD50034DCC9 /* japan.json */; };
		B9955FBC29794E450034DCC9 /* SplashAnimationView.swift in Sources */ = {isa = PBXBuildFile; fileRef = B9955FBB29794E450034DCC9 /* SplashAnimationView.swift */; };
		B9955FBE297950C50034DCC9 /* MainScreenView.swift in Sources */ = {isa = PBXBuildFile; fileRef = B9955FBD297950C50034DCC9 /* MainScreenView.swift */; };
		B9955FC0297999950034DCC9 /* Odin.otf in Resources */ = {isa = PBXBuildFile; fileRef = B9955FBF297999940034DCC9 /* Odin.otf */; };
		B9955FC22979A19C0034DCC9 /* DeleteWordView.swift in Sources */ = {isa = PBXBuildFile; fileRef = B9955FC12979A19C0034DCC9 /* DeleteWordView.swift */; };
/* End PBXBuildFile section */

/* Begin PBXContainerItemProxy section */
		B90939812976E9E700EDD294 /* PBXContainerItemProxy */ = {
			isa = PBXContainerItemProxy;
			containerPortal = B90939682976E9E600EDD294 /* Project object */;
			proxyType = 1;
			remoteGlobalIDString = B909396F2976E9E600EDD294;
			remoteInfo = JapaneseMemory;
		};
		B909398B2976E9E700EDD294 /* PBXContainerItemProxy */ = {
			isa = PBXContainerItemProxy;
			containerPortal = B90939682976E9E600EDD294 /* Project object */;
			proxyType = 1;
			remoteGlobalIDString = B909396F2976E9E600EDD294;
			remoteInfo = JapaneseMemory;
		};
/* End PBXContainerItemProxy section */

/* Begin PBXFileReference section */
		B90939702976E9E600EDD294 /* JapaneseMemory.app */ = {isa = PBXFileReference; explicitFileType = wrapper.application; includeInIndex = 0; path = JapaneseMemory.app; sourceTree = BUILT_PRODUCTS_DIR; };
		B90939732976E9E600EDD294 /* JapaneseMemoryApp.swift */ = {isa = PBXFileReference; lastKnownFileType = sourcecode.swift; path = JapaneseMemoryApp.swift; sourceTree = "<group>"; };
		B90939752976E9E600EDD294 /* ContentView.swift */ = {isa = PBXFileReference; lastKnownFileType = sourcecode.swift; path = ContentView.swift; sourceTree = "<group>"; };
		B90939772976E9E700EDD294 /* Assets.xcassets */ = {isa = PBXFileReference; lastKnownFileType = folder.assetcatalog; path = Assets.xcassets; sourceTree = "<group>"; };
		B909397A2976E9E700EDD294 /* Preview Assets.xcassets */ = {isa = PBXFileReference; lastKnownFileType = folder.assetcatalog; path = "Preview Assets.xcassets"; sourceTree = "<group>"; };
		B90939802976E9E700EDD294 /* JapaneseMemoryTests.xctest */ = {isa = PBXFileReference; explicitFileType = wrapper.cfbundle; includeInIndex = 0; path = JapaneseMemoryTests.xctest; sourceTree = BUILT_PRODUCTS_DIR; };
		B909398A2976E9E700EDD294 /* JapaneseMemoryUITests.xctest */ = {isa = PBXFileReference; explicitFileType = wrapper.cfbundle; includeInIndex = 0; path = JapaneseMemoryUITests.xctest; sourceTree = BUILT_PRODUCTS_DIR; };
		B90939A62976ED6D00EDD294 /* uchiwa_loader.json */ = {isa = PBXFileReference; fileEncoding = 4; lastKnownFileType = text.json; path = uchiwa_loader.json; sourceTree = "<group>"; };
		B90939AA29770A6400EDD294 /* Word.xcdatamodel */ = {isa = PBXFileReference; lastKnownFileType = wrapper.xcdatamodel; path = Word.xcdatamodel; sourceTree = "<group>"; };
		B90939AC29770DB500EDD294 /* DataController.swift */ = {isa = PBXFileReference; lastKnownFileType = sourcecode.swift; path = DataController.swift; sourceTree = "<group>"; };
		B94843AB29784C77001477D4 /* Card.swift */ = {isa = PBXFileReference; lastKnownFileType = sourcecode.swift; path = Card.swift; sourceTree = "<group>"; };
		B94843AD29784C84001477D4 /* WordPage.swift */ = {isa = PBXFileReference; lastKnownFileType = sourcecode.swift; path = WordPage.swift; sourceTree = "<group>"; };
		B94843B129785620001477D4 /* Info.plist */ = {isa = PBXFileReference; lastKnownFileType = text.plist; path = Info.plist; sourceTree = "<group>"; };
		B94843B6297858F5001477D4 /* Hashiba.ttf */ = {isa = PBXFileReference; lastKnownFileType = file; path = Hashiba.ttf; sourceTree = "<group>"; };
		B94843BA29786F79001477D4 /* AddNewWordView.swift */ = {isa = PBXFileReference; lastKnownFileType = sourcecode.swift; path = AddNewWordView.swift; sourceTree = "<group>"; };
		B9955FB929794DD50034DCC9 /* japan.json */ = {isa = PBXFileReference; fileEncoding = 4; lastKnownFileType = text.json; path = japan.json; sourceTree = "<group>"; };
		B9955FBB29794E450034DCC9 /* SplashAnimationView.swift */ = {isa = PBXFileReference; lastKnownFileType = sourcecode.swift; path = SplashAnimationView.swift; sourceTree = "<group>"; };
		B9955FBD297950C50034DCC9 /* MainScreenView.swift */ = {isa = PBXFileReference; lastKnownFileType = sourcecode.swift; path = MainScreenView.swift; sourceTree = "<group>"; };
		B9955FBF297999940034DCC9 /* Odin.otf */ = {isa = PBXFileReference; lastKnownFileType = file; path = Odin.otf; sourceTree = "<group>"; };
		B9955FC12979A19C0034DCC9 /* DeleteWordView.swift */ = {isa = PBXFileReference; lastKnownFileType = sourcecode.swift; path = DeleteWordView.swift; sourceTree = "<group>"; };
/* End PBXFileReference section */

/* Begin PBXFrameworksBuildPhase section */
		B909396D2976E9E600EDD294 /* Frameworks */ = {
			isa = PBXFrameworksBuildPhase;
			buildActionMask = 2147483647;
			files = (
				B909399F2976EB1700EDD294 /* Lottie in Frameworks */,
			);
			runOnlyForDeploymentPostprocessing = 0;
		};
		B909397D2976E9E700EDD294 /* Frameworks */ = {
			isa = PBXFrameworksBuildPhase;
			buildActionMask = 2147483647;
			files = (
			);
			runOnlyForDeploymentPostprocessing = 0;
		};
		B90939872976E9E700EDD294 /* Frameworks */ = {
			isa = PBXFrameworksBuildPhase;
			buildActionMask = 2147483647;
			files = (
			);
			runOnlyForDeploymentPostprocessing = 0;
		};
/* End PBXFrameworksBuildPhase section */

/* Begin PBXGroup section */
		B90939672976E9E600EDD294 = {
			isa = PBXGroup;
			children = (
				B90939722976E9E600EDD294 /* JapaneseMemory */,
				B90939712976E9E600EDD294 /* Products */,
			);
			sourceTree = "<group>";
		};
		B90939712976E9E600EDD294 /* Products */ = {
			isa = PBXGroup;
			children = (
				B90939702976E9E600EDD294 /* JapaneseMemory.app */,
				B90939802976E9E700EDD294 /* JapaneseMemoryTests.xctest */,
				B909398A2976E9E700EDD294 /* JapaneseMemoryUITests.xctest */,
			);
			name = Products;
			sourceTree = "<group>";
		};
		B90939722976E9E600EDD294 /* JapaneseMemory */ = {
			isa = PBXGroup;
			children = (
				B90939732976E9E600EDD294 /* JapaneseMemoryApp.swift */,
				B94843B129785620001477D4 /* Info.plist */,
				B90939A52976EBF200EDD294 /* Ressources */,
				B90939A32976EBC200EDD294 /* Scene */,
				B90939792976E9E700EDD294 /* Preview Content */,
			);
			path = JapaneseMemory;
			sourceTree = "<group>";
		};
		B90939792976E9E700EDD294 /* Preview Content */ = {
			isa = PBXGroup;
			children = (
				B909397A2976E9E700EDD294 /* Preview Assets.xcassets */,
			);
			path = "Preview Content";
			sourceTree = "<group>";
		};
		B90939A02976EB9C00EDD294 /* Model */ = {
			isa = PBXGroup;
			children = (
				B90939A929770A6400EDD294 /* Word.xcdatamodeld */,
			);
			path = Model;
			sourceTree = "<group>";
		};
		B90939A12976EBA600EDD294 /* View */ = {
			isa = PBXGroup;
			children = (
				B94843AB29784C77001477D4 /* Card.swift */,
				B90939752976E9E600EDD294 /* ContentView.swift */,
				B94843AD29784C84001477D4 /* WordPage.swift */,
				B94843BA29786F79001477D4 /* AddNewWordView.swift */,
				B9955FBD297950C50034DCC9 /* MainScreenView.swift */,
				B9955FC12979A19C0034DCC9 /* DeleteWordView.swift */,
			);
			path = View;
			sourceTree = "<group>";
		};
		B90939A22976EBB700EDD294 /* ViewModel */ = {
			isa = PBXGroup;
			children = (
				B90939AC29770DB500EDD294 /* DataController.swift */,
			);
			path = ViewModel;
			sourceTree = "<group>";
		};
		B90939A32976EBC200EDD294 /* Scene */ = {
			isa = PBXGroup;
			children = (
				B90939A22976EBB700EDD294 /* ViewModel */,
				B90939A02976EB9C00EDD294 /* Model */,
				B90939A12976EBA600EDD294 /* View */,
				B90939A42976EBCE00EDD294 /* LaunchScreen */,
			);
			path = Scene;
			sourceTree = "<group>";
		};
		B90939A42976EBCE00EDD294 /* LaunchScreen */ = {
			isa = PBXGroup;
			children = (
				B9955FBB29794E450034DCC9 /* SplashAnimationView.swift */,
			);
			path = LaunchScreen;
			sourceTree = "<group>";
		};
		B90939A52976EBF200EDD294 /* Ressources */ = {
			isa = PBXGroup;
			children = (
				B90939772976E9E700EDD294 /* Assets.xcassets */,
				B94843B6297858F5001477D4 /* Hashiba.ttf */,
				B9955FBF297999940034DCC9 /* Odin.otf */,
				B90939A829770A2B00EDD294 /* Animations */,
			);
			path = Ressources;
			sourceTree = "<group>";
		};
		B90939A829770A2B00EDD294 /* Animations */ = {
			isa = PBXGroup;
			children = (
				B90939A62976ED6D00EDD294 /* uchiwa_loader.json */,
				B9955FB929794DD50034DCC9 /* japan.json */,
			);
			path = Animations;
			sourceTree = "<group>";
		};
/* End PBXGroup section */

/* Begin PBXNativeTarget section */
		B909396F2976E9E600EDD294 /* JapaneseMemory */ = {
			isa = PBXNativeTarget;
			buildConfigurationList = B90939942976E9E700EDD294 /* Build configuration list for PBXNativeTarget "JapaneseMemory" */;
			buildPhases = (
				B909396C2976E9E600EDD294 /* Sources */,
				B909396D2976E9E600EDD294 /* Frameworks */,
				B909396E2976E9E600EDD294 /* Resources */,
			);
			buildRules = (
			);
			dependencies = (
			);
			name = JapaneseMemory;
			packageProductDependencies = (
				B909399E2976EB1700EDD294 /* Lottie */,
			);
			productName = JapaneseMemory;
			productReference = B90939702976E9E600EDD294 /* JapaneseMemory.app */;
			productType = "com.apple.product-type.application";
		};
		B909397F2976E9E700EDD294 /* JapaneseMemoryTests */ = {
			isa = PBXNativeTarget;
			buildConfigurationList = B90939972976E9E700EDD294 /* Build configuration list for PBXNativeTarget "JapaneseMemoryTests" */;
			buildPhases = (
				B909397C2976E9E700EDD294 /* Sources */,
				B909397D2976E9E700EDD294 /* Frameworks */,
				B909397E2976E9E700EDD294 /* Resources */,
			);
			buildRules = (
			);
			dependencies = (
				B90939822976E9E700EDD294 /* PBXTargetDependency */,
			);
			name = JapaneseMemoryTests;
			productName = JapaneseMemoryTests;
			productReference = B90939802976E9E700EDD294 /* JapaneseMemoryTests.xctest */;
			productType = "com.apple.product-type.bundle.unit-test";
		};
		B90939892976E9E700EDD294 /* JapaneseMemoryUITests */ = {
			isa = PBXNativeTarget;
			buildConfigurationList = B909399A2976E9E700EDD294 /* Build configuration list for PBXNativeTarget "JapaneseMemoryUITests" */;
			buildPhases = (
				B90939862976E9E700EDD294 /* Sources */,
				B90939872976E9E700EDD294 /* Frameworks */,
				B90939882976E9E700EDD294 /* Resources */,
			);
			buildRules = (
			);
			dependencies = (
				B909398C2976E9E700EDD294 /* PBXTargetDependency */,
			);
			name = JapaneseMemoryUITests;
			productName = JapaneseMemoryUITests;
			productReference = B909398A2976E9E700EDD294 /* JapaneseMemoryUITests.xctest */;
			productType = "com.apple.product-type.bundle.ui-testing";
		};
/* End PBXNativeTarget section */

/* Begin PBXProject section */
		B90939682976E9E600EDD294 /* Project object */ = {
			isa = PBXProject;
			attributes = {
				BuildIndependentTargetsInParallel = 1;
				LastSwiftUpdateCheck = 1420;
				LastUpgradeCheck = 1420;
				TargetAttributes = {
					B909396F2976E9E600EDD294 = {
						CreatedOnToolsVersion = 14.2;
					};
					B909397F2976E9E700EDD294 = {
						CreatedOnToolsVersion = 14.2;
						TestTargetID = B909396F2976E9E600EDD294;
					};
					B90939892976E9E700EDD294 = {
						CreatedOnToolsVersion = 14.2;
						TestTargetID = B909396F2976E9E600EDD294;
					};
				};
			};
			buildConfigurationList = B909396B2976E9E600EDD294 /* Build configuration list for PBXProject "JapaneseMemory" */;
			compatibilityVersion = "Xcode 14.0";
			developmentRegion = en;
			hasScannedForEncodings = 0;
			knownRegions = (
				en,
				Base,
			);
			mainGroup = B90939672976E9E600EDD294;
			packageReferences = (
				B909399D2976EB1700EDD294 /* XCRemoteSwiftPackageReference "lottie-ios" */,
			);
			productRefGroup = B90939712976E9E600EDD294 /* Products */;
			projectDirPath = "";
			projectRoot = "";
			targets = (
				B909396F2976E9E600EDD294 /* JapaneseMemory */,
				B909397F2976E9E700EDD294 /* JapaneseMemoryTests */,
				B90939892976E9E700EDD294 /* JapaneseMemoryUITests */,
			);
		};
/* End PBXProject section */

/* Begin PBXResourcesBuildPhase section */
		B909396E2976E9E600EDD294 /* Resources */ = {
			isa = PBXResourcesBuildPhase;
			buildActionMask = 2147483647;
			files = (
				B9955FBA29794DD50034DCC9 /* japan.json in Resources */,
				B90939A72976ED6D00EDD294 /* uchiwa_loader.json in Resources */,
				B909397B2976E9E700EDD294 /* Preview Assets.xcassets in Resources */,
				B90939782976E9E700EDD294 /* Assets.xcassets in Resources */,
				B94843B7297858F5001477D4 /* Hashiba.ttf in Resources */,
				B9955FC0297999950034DCC9 /* Odin.otf in Resources */,
			);
			runOnlyForDeploymentPostprocessing = 0;
		};
		B909397E2976E9E700EDD294 /* Resources */ = {
			isa = PBXResourcesBuildPhase;
			buildActionMask = 2147483647;
			files = (
			);
			runOnlyForDeploymentPostprocessing = 0;
		};
		B90939882976E9E700EDD294 /* Resources */ = {
			isa = PBXResourcesBuildPhase;
			buildActionMask = 2147483647;
			files = (
			);
			runOnlyForDeploymentPostprocessing = 0;
		};
/* End PBXResourcesBuildPhase section */

/* Begin PBXSourcesBuildPhase section */
		B909396C2976E9E600EDD294 /* Sources */ = {
			isa = PBXSourcesBuildPhase;
			buildActionMask = 2147483647;
			files = (
				B94843AE29784C84001477D4 /* WordPage.swift in Sources */,
				B90939AB29770A6400EDD294 /* Word.xcdatamodeld in Sources */,
				B90939AD29770DB500EDD294 /* DataController.swift in Sources */,
				B9955FBC29794E450034DCC9 /* SplashAnimationView.swift in Sources */,
				B9955FBE297950C50034DCC9 /* MainScreenView.swift in Sources */,
				B94843AC29784C77001477D4 /* Card.swift in Sources */,
				B90939762976E9E600EDD294 /* ContentView.swift in Sources */,
				B9955FC22979A19C0034DCC9 /* DeleteWordView.swift in Sources */,
				B94843BB29786F79001477D4 /* AddNewWordView.swift in Sources */,
				B90939742976E9E600EDD294 /* JapaneseMemoryApp.swift in Sources */,
			);
			runOnlyForDeploymentPostprocessing = 0;
		};
		B909397C2976E9E700EDD294 /* Sources */ = {
			isa = PBXSourcesBuildPhase;
			buildActionMask = 2147483647;
			files = (
			);
			runOnlyForDeploymentPostprocessing = 0;
		};
		B90939862976E9E700EDD294 /* Sources */ = {
			isa = PBXSourcesBuildPhase;
			buildActionMask = 2147483647;
			files = (
			);
			runOnlyForDeploymentPostprocessing = 0;
		};
/* End PBXSourcesBuildPhase section */

/* Begin PBXTargetDependency section */
		B90939822976E9E700EDD294 /* PBXTargetDependency */ = {
			isa = PBXTargetDependency;
			target = B909396F2976E9E600EDD294 /* JapaneseMemory */;
			targetProxy = B90939812976E9E700EDD294 /* PBXContainerItemProxy */;
		};
		B909398C2976E9E700EDD294 /* PBXTargetDependency */ = {
			isa = PBXTargetDependency;
			target = B909396F2976E9E600EDD294 /* JapaneseMemory */;
			targetProxy = B909398B2976E9E700EDD294 /* PBXContainerItemProxy */;
		};
/* End PBXTargetDependency section */

/* Begin XCBuildConfiguration section */
		B90939922976E9E700EDD294 /* Debug */ = {
			isa = XCBuildConfiguration;
			buildSettings = {
				ALWAYS_SEARCH_USER_PATHS = NO;
				CLANG_ANALYZER_NONNULL = YES;
				CLANG_ANALYZER_NUMBER_OBJECT_CONVERSION = YES_AGGRESSIVE;
				CLANG_CXX_LANGUAGE_STANDARD = "gnu++20";
				CLANG_ENABLE_MODULES = YES;
				CLANG_ENABLE_OBJC_ARC = YES;
				CLANG_ENABLE_OBJC_WEAK = YES;
				CLANG_WARN_BLOCK_CAPTURE_AUTORELEASING = YES;
				CLANG_WARN_BOOL_CONVERSION = YES;
				CLANG_WARN_COMMA = YES;
				CLANG_WARN_CONSTANT_CONVERSION = YES;
				CLANG_WARN_DEPRECATED_OBJC_IMPLEMENTATIONS = YES;
				CLANG_WARN_DIRECT_OBJC_ISA_USAGE = YES_ERROR;
				CLANG_WARN_DOCUMENTATION_COMMENTS = YES;
				CLANG_WARN_EMPTY_BODY = YES;
				CLANG_WARN_ENUM_CONVERSION = YES;
				CLANG_WARN_INFINITE_RECURSION = YES;
				CLANG_WARN_INT_CONVERSION = YES;
				CLANG_WARN_NON_LITERAL_NULL_CONVERSION = YES;
				CLANG_WARN_OBJC_IMPLICIT_RETAIN_SELF = YES;
				CLANG_WARN_OBJC_LITERAL_CONVERSION = YES;
				CLANG_WARN_OBJC_ROOT_CLASS = YES_ERROR;
				CLANG_WARN_QUOTED_INCLUDE_IN_FRAMEWORK_HEADER = YES;
				CLANG_WARN_RANGE_LOOP_ANALYSIS = YES;
				CLANG_WARN_STRICT_PROTOTYPES = YES;
				CLANG_WARN_SUSPICIOUS_MOVE = YES;
				CLANG_WARN_UNGUARDED_AVAILABILITY = YES_AGGRESSIVE;
				CLANG_WARN_UNREACHABLE_CODE = YES;
				CLANG_WARN__DUPLICATE_METHOD_MATCH = YES;
				COPY_PHASE_STRIP = NO;
				DEBUG_INFORMATION_FORMAT = dwarf;
				ENABLE_STRICT_OBJC_MSGSEND = YES;
				ENABLE_TESTABILITY = YES;
				GCC_C_LANGUAGE_STANDARD = gnu11;
				GCC_DYNAMIC_NO_PIC = NO;
				GCC_NO_COMMON_BLOCKS = YES;
				GCC_OPTIMIZATION_LEVEL = 0;
				GCC_PREPROCESSOR_DEFINITIONS = (
					"DEBUG=1",
					"$(inherited)",
				);
				GCC_WARN_64_TO_32_BIT_CONVERSION = YES;
				GCC_WARN_ABOUT_RETURN_TYPE = YES_ERROR;
				GCC_WARN_UNDECLARED_SELECTOR = YES;
				GCC_WARN_UNINITIALIZED_AUTOS = YES_AGGRESSIVE;
				GCC_WARN_UNUSED_FUNCTION = YES;
				GCC_WARN_UNUSED_VARIABLE = YES;
				IPHONEOS_DEPLOYMENT_TARGET = 16.2;
				MTL_ENABLE_DEBUG_INFO = INCLUDE_SOURCE;
				MTL_FAST_MATH = YES;
				ONLY_ACTIVE_ARCH = YES;
				SDKROOT = iphoneos;
				SWIFT_ACTIVE_COMPILATION_CONDITIONS = DEBUG;
				SWIFT_OPTIMIZATION_LEVEL = "-Onone";
			};
			name = Debug;
		};
		B90939932976E9E700EDD294 /* Release */ = {
			isa = XCBuildConfiguration;
			buildSettings = {
				ALWAYS_SEARCH_USER_PATHS = NO;
				CLANG_ANALYZER_NONNULL = YES;
				CLANG_ANALYZER_NUMBER_OBJECT_CONVERSION = YES_AGGRESSIVE;
				CLANG_CXX_LANGUAGE_STANDARD = "gnu++20";
				CLANG_ENABLE_MODULES = YES;
				CLANG_ENABLE_OBJC_ARC = YES;
				CLANG_ENABLE_OBJC_WEAK = YES;
				CLANG_WARN_BLOCK_CAPTURE_AUTORELEASING = YES;
				CLANG_WARN_BOOL_CONVERSION = YES;
				CLANG_WARN_COMMA = YES;
				CLANG_WARN_CONSTANT_CONVERSION = YES;
				CLANG_WARN_DEPRECATED_OBJC_IMPLEMENTATIONS = YES;
				CLANG_WARN_DIRECT_OBJC_ISA_USAGE = YES_ERROR;
				CLANG_WARN_DOCUMENTATION_COMMENTS = YES;
				CLANG_WARN_EMPTY_BODY = YES;
				CLANG_WARN_ENUM_CONVERSION = YES;
				CLANG_WARN_INFINITE_RECURSION = YES;
				CLANG_WARN_INT_CONVERSION = YES;
				CLANG_WARN_NON_LITERAL_NULL_CONVERSION = YES;
				CLANG_WARN_OBJC_IMPLICIT_RETAIN_SELF = YES;
				CLANG_WARN_OBJC_LITERAL_CONVERSION = YES;
				CLANG_WARN_OBJC_ROOT_CLASS = YES_ERROR;
				CLANG_WARN_QUOTED_INCLUDE_IN_FRAMEWORK_HEADER = YES;
				CLANG_WARN_RANGE_LOOP_ANALYSIS = YES;
				CLANG_WARN_STRICT_PROTOTYPES = YES;
				CLANG_WARN_SUSPICIOUS_MOVE = YES;
				CLANG_WARN_UNGUARDED_AVAILABILITY = YES_AGGRESSIVE;
				CLANG_WARN_UNREACHABLE_CODE = YES;
				CLANG_WARN__DUPLICATE_METHOD_MATCH = YES;
				COPY_PHASE_STRIP = NO;
				DEBUG_INFORMATION_FORMAT = "dwarf-with-dsym";
				ENABLE_NS_ASSERTIONS = NO;
				ENABLE_STRICT_OBJC_MSGSEND = YES;
				GCC_C_LANGUAGE_STANDARD = gnu11;
				GCC_NO_COMMON_BLOCKS = YES;
				GCC_WARN_64_TO_32_BIT_CONVERSION = YES;
				GCC_WARN_ABOUT_RETURN_TYPE = YES_ERROR;
				GCC_WARN_UNDECLARED_SELECTOR = YES;
				GCC_WARN_UNINITIALIZED_AUTOS = YES_AGGRESSIVE;
				GCC_WARN_UNUSED_FUNCTION = YES;
				GCC_WARN_UNUSED_VARIABLE = YES;
				IPHONEOS_DEPLOYMENT_TARGET = 16.2;
				MTL_ENABLE_DEBUG_INFO = NO;
				MTL_FAST_MATH = YES;
				SDKROOT = iphoneos;
				SWIFT_COMPILATION_MODE = wholemodule;
				SWIFT_OPTIMIZATION_LEVEL = "-O";
				VALIDATE_PRODUCT = YES;
			};
			name = Release;
		};
		B90939952976E9E700EDD294 /* Debug */ = {
			isa = XCBuildConfiguration;
			buildSettings = {
				ASSETCATALOG_COMPILER_APPICON_NAME = AppIcon;
				ASSETCATALOG_COMPILER_GLOBAL_ACCENT_COLOR_NAME = AccentColor;
				CODE_SIGN_STYLE = Automatic;
				CURRENT_PROJECT_VERSION = 1;
				DEVELOPMENT_ASSET_PATHS = "\"JapaneseMemory/Preview Content\"";
				DEVELOPMENT_TEAM = BP4DYC4UP8;
				ENABLE_PREVIEWS = YES;
				GENERATE_INFOPLIST_FILE = YES;
				INFOPLIST_FILE = JapaneseMemory/Info.plist;
				INFOPLIST_KEY_UIApplicationSceneManifest_Generation = YES;
				INFOPLIST_KEY_UIApplicationSupportsIndirectInputEvents = YES;
				INFOPLIST_KEY_UILaunchScreen_Generation = YES;
				INFOPLIST_KEY_UISupportedInterfaceOrientations_iPad = "UIInterfaceOrientationPortrait UIInterfaceOrientationPortraitUpsideDown UIInterfaceOrientationLandscapeLeft UIInterfaceOrientationLandscapeRight";
				INFOPLIST_KEY_UISupportedInterfaceOrientations_iPhone = "UIInterfaceOrientationPortrait UIInterfaceOrientationLandscapeLeft UIInterfaceOrientationLandscapeRight";
				LD_RUNPATH_SEARCH_PATHS = (
					"$(inherited)",
					"@executable_path/Frameworks",
				);
				MARKETING_VERSION = 1.0;
				PRODUCT_BUNDLE_IDENTIFIER = com.keltoumBelkadi.JapaneseMemory;
				PRODUCT_NAME = "$(TARGET_NAME)";
				SWIFT_EMIT_LOC_STRINGS = YES;
				SWIFT_VERSION = 5.0;
				TARGETED_DEVICE_FAMILY = "1,2";
			};
			name = Debug;
		};
		B90939962976E9E700EDD294 /* Release */ = {
			isa = XCBuildConfiguration;
			buildSettings = {
				ASSETCATALOG_COMPILER_APPICON_NAME = AppIcon;
				ASSETCATALOG_COMPILER_GLOBAL_ACCENT_COLOR_NAME = AccentColor;
				CODE_SIGN_STYLE = Automatic;
				CURRENT_PROJECT_VERSION = 1;
				DEVELOPMENT_ASSET_PATHS = "\"JapaneseMemory/Preview Content\"";
				DEVELOPMENT_TEAM = BP4DYC4UP8;
				ENABLE_PREVIEWS = YES;
				GENERATE_INFOPLIST_FILE = YES;
				INFOPLIST_FILE = JapaneseMemory/Info.plist;
				INFOPLIST_KEY_UIApplicationSceneManifest_Generation = YES;
				INFOPLIST_KEY_UIApplicationSupportsIndirectInputEvents = YES;
				INFOPLIST_KEY_UILaunchScreen_Generation = YES;
				INFOPLIST_KEY_UISupportedInterfaceOrientations_iPad = "UIInterfaceOrientationPortrait UIInterfaceOrientationPortraitUpsideDown UIInterfaceOrientationLandscapeLeft UIInterfaceOrientationLandscapeRight";
				INFOPLIST_KEY_UISupportedInterfaceOrientations_iPhone = "UIInterfaceOrientationPortrait UIInterfaceOrientationLandscapeLeft UIInterfaceOrientationLandscapeRight";
				LD_RUNPATH_SEARCH_PATHS = (
					"$(inherited)",
					"@executable_path/Frameworks",
				);
				MARKETING_VERSION = 1.0;
				PRODUCT_BUNDLE_IDENTIFIER = com.keltoumBelkadi.JapaneseMemory;
				PRODUCT_NAME = "$(TARGET_NAME)";
				SWIFT_EMIT_LOC_STRINGS = YES;
				SWIFT_VERSION = 5.0;
				TARGETED_DEVICE_FAMILY = "1,2";
			};
			name = Release;
		};
		B90939982976E9E700EDD294 /* Debug */ = {
			isa = XCBuildConfiguration;
			buildSettings = {
				ALWAYS_EMBED_SWIFT_STANDARD_LIBRARIES = YES;
				BUNDLE_LOADER = "$(TEST_HOST)";
				CODE_SIGN_STYLE = Automatic;
				CURRENT_PROJECT_VERSION = 1;
				DEVELOPMENT_TEAM = BP4DYC4UP8;
				GENERATE_INFOPLIST_FILE = YES;
				IPHONEOS_DEPLOYMENT_TARGET = 16.2;
				MARKETING_VERSION = 1.0;
				PRODUCT_BUNDLE_IDENTIFIER = com.keltoumBelkadi.JapaneseMemoryTests;
				PRODUCT_NAME = "$(TARGET_NAME)";
				SWIFT_EMIT_LOC_STRINGS = NO;
				SWIFT_VERSION = 5.0;
				TARGETED_DEVICE_FAMILY = "1,2";
				TEST_HOST = "$(BUILT_PRODUCTS_DIR)/JapaneseMemory.app/$(BUNDLE_EXECUTABLE_FOLDER_PATH)/JapaneseMemory";
			};
			name = Debug;
		};
		B90939992976E9E700EDD294 /* Release */ = {
			isa = XCBuildConfiguration;
			buildSettings = {
				ALWAYS_EMBED_SWIFT_STANDARD_LIBRARIES = YES;
				BUNDLE_LOADER = "$(TEST_HOST)";
				CODE_SIGN_STYLE = Automatic;
				CURRENT_PROJECT_VERSION = 1;
				DEVELOPMENT_TEAM = BP4DYC4UP8;
				GENERATE_INFOPLIST_FILE = YES;
				IPHONEOS_DEPLOYMENT_TARGET = 16.2;
				MARKETING_VERSION = 1.0;
				PRODUCT_BUNDLE_IDENTIFIER = com.keltoumBelkadi.JapaneseMemoryTests;
				PRODUCT_NAME = "$(TARGET_NAME)";
				SWIFT_EMIT_LOC_STRINGS = NO;
				SWIFT_VERSION = 5.0;
				TARGETED_DEVICE_FAMILY = "1,2";
				TEST_HOST = "$(BUILT_PRODUCTS_DIR)/JapaneseMemory.app/$(BUNDLE_EXECUTABLE_FOLDER_PATH)/JapaneseMemory";
			};
			name = Release;
		};
		B909399B2976E9E700EDD294 /* Debug */ = {
			isa = XCBuildConfiguration;
			buildSettings = {
				ALWAYS_EMBED_SWIFT_STANDARD_LIBRARIES = YES;
				CODE_SIGN_STYLE = Automatic;
				CURRENT_PROJECT_VERSION = 1;
				DEVELOPMENT_TEAM = BP4DYC4UP8;
				GENERATE_INFOPLIST_FILE = YES;
				MARKETING_VERSION = 1.0;
				PRODUCT_BUNDLE_IDENTIFIER = com.keltoumBelkadi.JapaneseMemoryUITests;
				PRODUCT_NAME = "$(TARGET_NAME)";
				SWIFT_EMIT_LOC_STRINGS = NO;
				SWIFT_VERSION = 5.0;
				TARGETED_DEVICE_FAMILY = "1,2";
				TEST_TARGET_NAME = JapaneseMemory;
			};
			name = Debug;
		};
		B909399C2976E9E700EDD294 /* Release */ = {
			isa = XCBuildConfiguration;
			buildSettings = {
				ALWAYS_EMBED_SWIFT_STANDARD_LIBRARIES = YES;
				CODE_SIGN_STYLE = Automatic;
				CURRENT_PROJECT_VERSION = 1;
				DEVELOPMENT_TEAM = BP4DYC4UP8;
				GENERATE_INFOPLIST_FILE = YES;
				MARKETING_VERSION = 1.0;
				PRODUCT_BUNDLE_IDENTIFIER = com.keltoumBelkadi.JapaneseMemoryUITests;
				PRODUCT_NAME = "$(TARGET_NAME)";
				SWIFT_EMIT_LOC_STRINGS = NO;
				SWIFT_VERSION = 5.0;
				TARGETED_DEVICE_FAMILY = "1,2";
				TEST_TARGET_NAME = JapaneseMemory;
			};
			name = Release;
		};
/* End XCBuildConfiguration section */

/* Begin XCConfigurationList section */
		B909396B2976E9E600EDD294 /* Build configuration list for PBXProject "JapaneseMemory" */ = {
			isa = XCConfigurationList;
			buildConfigurations = (
				B90939922976E9E700EDD294 /* Debug */,
				B90939932976E9E700EDD294 /* Release */,
			);
			defaultConfigurationIsVisible = 0;
			defaultConfigurationName = Release;
		};
		B90939942976E9E700EDD294 /* Build configuration list for PBXNativeTarget "JapaneseMemory" */ = {
			isa = XCConfigurationList;
			buildConfigurations = (
				B90939952976E9E700EDD294 /* Debug */,
				B90939962976E9E700EDD294 /* Release */,
			);
			defaultConfigurationIsVisible = 0;
			defaultConfigurationName = Release;
		};
		B90939972976E9E700EDD294 /* Build configuration list for PBXNativeTarget "JapaneseMemoryTests" */ = {
			isa = XCConfigurationList;
			buildConfigurations = (
				B90939982976E9E700EDD294 /* Debug */,
				B90939992976E9E700EDD294 /* Release */,
			);
			defaultConfigurationIsVisible = 0;
			defaultConfigurationName = Release;
		};
		B909399A2976E9E700EDD294 /* Build configuration list for PBXNativeTarget "JapaneseMemoryUITests" */ = {
			isa = XCConfigurationList;
			buildConfigurations = (
				B909399B2976E9E700EDD294 /* Debug */,
				B909399C2976E9E700EDD294 /* Release */,
			);
			defaultConfigurationIsVisible = 0;
			defaultConfigurationName = Release;
		};
/* End XCConfigurationList section */

/* Begin XCRemoteSwiftPackageReference section */
		B909399D2976EB1700EDD294 /* XCRemoteSwiftPackageReference "lottie-ios" */ = {
			isa = XCRemoteSwiftPackageReference;
			repositoryURL = "https://github.com/airbnb/lottie-ios";
			requirement = {
				kind = upToNextMajorVersion;
				minimumVersion = 4.0.0;
			};
		};
/* End XCRemoteSwiftPackageReference section */

/* Begin XCSwiftPackageProductDependency section */
		B909399E2976EB1700EDD294 /* Lottie */ = {
			isa = XCSwiftPackageProductDependency;
			package = B909399D2976EB1700EDD294 /* XCRemoteSwiftPackageReference "lottie-ios" */;
			productName = Lottie;
		};
/* End XCSwiftPackageProductDependency section */

/* Begin XCVersionGroup section */
		B90939A929770A6400EDD294 /* Word.xcdatamodeld */ = {
			isa = XCVersionGroup;
			children = (
				B90939AA29770A6400EDD294 /* Word.xcdatamodel */,
			);
			currentVersion = B90939AA29770A6400EDD294 /* Word.xcdatamodel */;
			path = Word.xcdatamodeld;
			sourceTree = "<group>";
			versionGroupType = wrapper.xcdatamodel;
		};
/* End XCVersionGroup section */
	};
	rootObject = B90939682976E9E600EDD294 /* Project object */;
}
